
Microsoft Visual Studio Solution File, Format Version 12.00
# Visual Studio Version 17
VisualStudioVersion = 17.7.34018.315
MinimumVisualStudioVersion = 10.0.40219.1
Project("{FAE04EC0-301F-11D3-BF4B-00C04F79EFBC}") = "todolist_BE", "todolist_BE\todolist_BE.csproj", "{7D51F790-ED65-4AEE-9CA0-45CC910BE34E}"
EndProject
Global
	GlobalSection(SolutionConfigurationPlatforms) = preSolution
		Debug|Any CPU = Debug|Any CPU
		Release|Any CPU = Release|Any CPU
	EndGlobalSection
	GlobalSection(ProjectConfigurationPlatforms) = postSolution
		{7D51F790-ED65-4AEE-9CA0-45CC910BE34E}.Debug|Any CPU.ActiveCfg = Debug|Any CPU
		{7D51F790-ED65-4AEE-9CA0-45CC910BE34E}.Debug|Any CPU.Build.0 = Debug|Any CPU
		{7D51F790-ED65-4AEE-9CA0-45CC910BE34E}.Release|Any CPU.ActiveCfg = Release|Any CPU
		{7D51F790-ED65-4AEE-9CA0-45CC910BE34E}.Release|Any CPU.Build.0 = Release|Any CPU
	EndGlobalSection
	GlobalSection(SolutionProperties) = preSolution
		HideSolutionNode = FALSE
	EndGlobalSection
	GlobalSection(ExtensibilityGlobals) = postSolution
		SolutionGuid = {232ABEB6-C13A-4B11-8320-19B6A6A738A2}
	EndGlobalSection
EndGlobal
